{
  "name": "wepage-components",
  "version": "1.0.0",
  "lockfileVersion": 1,
  "requires": true,
  "dependencies": {
    "echarts-amap": {
      "version": "1.0.0-rc.6",
      "resolved": "https://registry.npm.taobao.org/echarts-amap/download/echarts-amap-1.0.0-rc.6.tgz?cache=0&sync_timestamp=1561982842860&other_urls=https%3A%2F%2Fregistry.npm.taobao.org%2Fecharts-amap%2Fdownload%2Fecharts-amap-1.0.0-rc.6.tgz",
      "integrity": "sha1-V4KnTa7lLtRM4/j2JXdWF4PwnhY="
    },
    "echarts-liquidfill": {
      "version": "2.0.6",
      "resolved": "https://registry.npm.taobao.org/echarts-liquidfill/download/echarts-liquidfill-2.0.6.tgz?cache=0&other_urls=https%3A%2F%2Fregistry.npm.taobao.org%2Fecharts-liquidfill%2Fdownload%2Fecharts-liquidfill-2.0.6.tgz",
      "integrity": "sha1-BmjcYdh6YmIAMJC9MsVaqBCMJS4="
    },
    "echarts-wordcloud": {
      "version": "1.1.3",
      "resolved": "https://registry.npm.taobao.org/echarts-wordcloud/download/echarts-wordcloud-1.1.3.tgz",
      "integrity": "sha1-B7FAyLp2sZwxe0PDEPPV3Jkon/I="
    },
    "numerify": {
      "version": "1.2.9",
      "resolved": "https://registry.npm.taobao.org/numerify/download/numerify-1.2.9.tgz",
      "integrity": "sha1-r0aWux1X+NOXCmFdiwzVPZMr1Vk="
    },
    "utils-lite": {
      "version": "0.1.10",
      "resolved": "https://registry.npm.taobao.org/utils-lite/download/utils-lite-0.1.10.tgz",
      "integrity": "sha1-0pCMBILiPDHmsIJVhUDnE0/619c="
    },
    "v-charts": {
      "version": "1.19.0",
      "resolved": "https://registry.npm.taobao.org/v-charts/download/v-charts-1.19.0.tgz",
      "integrity": "sha1-B7cBgAsVm9UUJk/8i/ErBAUULaM=",
      "requires": {
        "echarts-amap": "1.0.0-rc.6",
        "echarts-liquidfill": "^2.0.2",
        "echarts-wordcloud": "^1.1.3",
        "numerify": "1.2.9",
        "utils-lite": "0.1.10"
      }
    },
    "vue": {
      "version": "2.6.12",
      "resolved": "https://registry.npm.taobao.org/vue/download/vue-2.6.12.tgz",
      "integrity": "sha1-9evU+mvShpQD4pqJau1JBEVskSM=",
      "dev": true
    }
  }
}
